
Microsoft Visual Studio Solution File, Format Version 12.00
# Visual Studio Version 17
VisualStudioVersion = 17.5.33627.172
MinimumVisualStudioVersion = 10.0.40219.1
Project("{FAE04EC0-301F-11D3-BF4B-00C04F79EFBC}") = "Group4FinalsExamAlgo", "Group4FinalsExamAlgo\Group4FinalsExamAlgo.csproj", "{8EEB5CC2-223E-4188-923B-B1449EDD9C33}"
EndProject
Global
	GlobalSection(SolutionConfigurationPlatforms) = preSolution
		Debug|Any CPU = Debug|Any CPU
		Release|Any CPU = Release|Any CPU
	EndGlobalSection
	GlobalSection(ProjectConfigurationPlatforms) = postSolution
		{8EEB5CC2-223E-4188-923B-B1449EDD9C33}.Debug|Any CPU.ActiveCfg = Debug|Any CPU
		{8EEB5CC2-223E-4188-923B-B1449EDD9C33}.Debug|Any CPU.Build.0 = Debug|Any CPU
		{8EEB5CC2-223E-4188-923B-B1449EDD9C33}.Release|Any CPU.ActiveCfg = Release|Any CPU
		{8EEB5CC2-223E-4188-923B-B1449EDD9C33}.Release|Any CPU.Build.0 = Release|Any CPU
	EndGlobalSection
	GlobalSection(SolutionProperties) = preSolution
		HideSolutionNode = FALSE
	EndGlobalSection
	GlobalSection(ExtensibilityGlobals) = postSolution
		SolutionGuid = {2FD56546-9598-4DDB-BCA4-920794ECE563}
	EndGlobalSection
EndGlobal
